
Microsoft Visual Studio Solution File, Format Version 12.00
# Visual Studio 15
VisualStudioVersion = 15.0.28010.2046
MinimumVisualStudioVersion = 10.0.40219.1
Project("{8BC9CEB8-8B4A-11D0-8D11-00A0C91BC942}") = "Sandbox", "Sandbox\Sandbox.vcxproj", "{DFA23678-3D28-42BC-BC73-0F261B0250FE}"
EndProject
Project("{8BC9CEB8-8B4A-11D0-8D11-00A0C91BC942}") = "Ripjaw", "Ripjaw\Ripjaw.vcxproj", "{4BA8DDA5-8FD7-42B5-AF7E-F96DCB564918}"
EndProject
Global
	GlobalSection(SolutionConfigurationPlatforms) = preSolution
		Debug|x64 = Debug|x64
		Release|x64 = Release|x64
	EndGlobalSection
	GlobalSection(ProjectConfigurationPlatforms) = postSolution
		{4BA8DDA5-8FD7-42B5-AF7E-F96DCB564918}.Debug|x64.ActiveCfg = Debug|x64
		{4BA8DDA5-8FD7-42B5-AF7E-F96DCB564918}.Debug|x64.Build.0 = Debug|x64
		{4BA8DDA5-8FD7-42B5-AF7E-F96DCB564918}.Release|x64.ActiveCfg = Release|x64
		{4BA8DDA5-8FD7-42B5-AF7E-F96DCB564918}.Release|x64.Build.0 = Release|x64
		{DFA23678-3D28-42BC-BC73-0F261B0250FE}.Debug|x64.ActiveCfg = Debug|x64
		{DFA23678-3D28-42BC-BC73-0F261B0250FE}.Debug|x64.Build.0 = Debug|x64
		{DFA23678-3D28-42BC-BC73-0F261B0250FE}.Release|x64.ActiveCfg = Release|x64
		{DFA23678-3D28-42BC-BC73-0F261B0250FE}.Release|x64.Build.0 = Release|x64
	EndGlobalSection
	GlobalSection(SolutionProperties) = preSolution
		HideSolutionNode = FALSE
	EndGlobalSection
	GlobalSection(ExtensibilityGlobals) = postSolution
		SolutionGuid = {EF3A1D8C-E186-46B2-A845-0CF51CAF04FD}
	EndGlobalSection
EndGlobal
