<?xml version="1.0" encoding="utf-8"?>
<Project ToolsVersion="4.0" xmlns="http://schemas.microsoft.com/developer/msbuild/2003">
  <ItemGroup>
    <Filter Include="Ripjaw">
      <UniqueIdentifier>{924FD1CE-7EF1-FBA4-67AC-0FF953ED82F5}</UniqueIdentifier>
    </Filter>
    <Filter Include="Ripjaw\Event">
      <UniqueIdentifier>{6a23cb8a-0dad-42ee-870a-b9b96f7f5252}</UniqueIdentifier>
    </Filter>
  </ItemGroup>
  <ItemGroup>
    <ClInclude Include="src\Ripjaw.h" />
    <ClInclude Include="src\Ripjaw\Application.h">
      <Filter>Ripjaw</Filter>
    </ClInclude>
    <ClInclude Include="src\Ripjaw\Core.h">
      <Filter>Ripjaw</Filter>
    </ClInclude>
    <ClInclude Include="src\Ripjaw\EntryPoint.h">
      <Filter>Ripjaw</Filter>
    </ClInclude>
    <ClInclude Include="src\Ripjaw\Log.h">
      <Filter>Ripjaw</Filter>
    </ClInclude>
    <ClInclude Include="src\Ripjaw\Event\Event.h" />
  </ItemGroup>
  <ItemGroup>
    <ClCompile Include="src\Ripjaw\Application.cpp">
      <Filter>Ripjaw</Filter>
    </ClCompile>
    <ClCompile Include="src\Ripjaw\Log.cpp">
      <Filter>Ripjaw</Filter>
    </ClCompile>
  </ItemGroup>
</Project>